
Microsoft Visual Studio Solution File, Format Version 12.00
# Visual Studio Version 16
VisualStudioVersion = 16.0.33801.447
MinimumVisualStudioVersion = 10.0.40219.1
Project("{8BC9CEB8-8B4A-11D0-8D11-00A0C91BC942}") = "saolei", "saolei\saolei.vcxproj", "{E710F093-AC3D-4646-A2E4-C3352DC15827}"
EndProject
Global
	GlobalSection(SolutionConfigurationPlatforms) = preSolution
		Debug|x64 = Debug|x64
		Debug|x86 = Debug|x86
		Release|x64 = Release|x64
		Release|x86 = Release|x86
	EndGlobalSection
	GlobalSection(ProjectConfigurationPlatforms) = postSolution
		{E710F093-AC3D-4646-A2E4-C3352DC15827}.Debug|x64.ActiveCfg = Debug|x64
		{E710F093-AC3D-4646-A2E4-C3352DC15827}.Debug|x64.Build.0 = Debug|x64
		{E710F093-AC3D-4646-A2E4-C3352DC15827}.Debug|x86.ActiveCfg = Debug|Win32
		{E710F093-AC3D-4646-A2E4-C3352DC15827}.Debug|x86.Build.0 = Debug|Win32
		{E710F093-AC3D-4646-A2E4-C3352DC15827}.Release|x64.ActiveCfg = Release|x64
		{E710F093-AC3D-4646-A2E4-C3352DC15827}.Release|x64.Build.0 = Release|x64
		{E710F093-AC3D-4646-A2E4-C3352DC15827}.Release|x86.ActiveCfg = Release|Win32
		{E710F093-AC3D-4646-A2E4-C3352DC15827}.Release|x86.Build.0 = Release|Win32
	EndGlobalSection
	GlobalSection(SolutionProperties) = preSolution
		HideSolutionNode = FALSE
	EndGlobalSection
	GlobalSection(ExtensibilityGlobals) = postSolution
		SolutionGuid = {16064179-91F7-4C2F-A395-077590191953}
	EndGlobalSection
EndGlobal
