
Microsoft Visual Studio Solution File, Format Version 12.00
# Visual Studio Version 16
VisualStudioVersion = 16.0.33801.447
MinimumVisualStudioVersion = 10.0.40219.1
Project("{8BC9CEB8-8B4A-11D0-8D11-00A0C91BC942}") = "Contact", "Contact\Contact.vcxproj", "{3670DA83-6A13-4317-9D93-568154367272}"
EndProject
Global
	GlobalSection(SolutionConfigurationPlatforms) = preSolution
		Debug|x64 = Debug|x64
		Debug|x86 = Debug|x86
		Release|x64 = Release|x64
		Release|x86 = Release|x86
	EndGlobalSection
	GlobalSection(ProjectConfigurationPlatforms) = postSolution
		{3670DA83-6A13-4317-9D93-568154367272}.Debug|x64.ActiveCfg = Debug|x64
		{3670DA83-6A13-4317-9D93-568154367272}.Debug|x64.Build.0 = Debug|x64
		{3670DA83-6A13-4317-9D93-568154367272}.Debug|x86.ActiveCfg = Debug|Win32
		{3670DA83-6A13-4317-9D93-568154367272}.Debug|x86.Build.0 = Debug|Win32
		{3670DA83-6A13-4317-9D93-568154367272}.Release|x64.ActiveCfg = Release|x64
		{3670DA83-6A13-4317-9D93-568154367272}.Release|x64.Build.0 = Release|x64
		{3670DA83-6A13-4317-9D93-568154367272}.Release|x86.ActiveCfg = Release|Win32
		{3670DA83-6A13-4317-9D93-568154367272}.Release|x86.Build.0 = Release|Win32
	EndGlobalSection
	GlobalSection(SolutionProperties) = preSolution
		HideSolutionNode = FALSE
	EndGlobalSection
	GlobalSection(ExtensibilityGlobals) = postSolution
		SolutionGuid = {D602DFD7-8DE9-4C5C-A301-B903E5F4ABB5}
	EndGlobalSection
EndGlobal
