
Microsoft Visual Studio Solution File, Format Version 12.00
# Visual Studio Version 16
VisualStudioVersion = 16.0.33801.447
MinimumVisualStudioVersion = 10.0.40219.1
Project("{8BC9CEB8-8B4A-11D0-8D11-00A0C91BC942}") = "test-8-22", "test-8-22\test-8-22.vcxproj", "{33ADB659-4B46-4063-B361-E0786D4F48D1}"
EndProject
Global
	GlobalSection(SolutionConfigurationPlatforms) = preSolution
		Debug|x64 = Debug|x64
		Debug|x86 = Debug|x86
		Release|x64 = Release|x64
		Release|x86 = Release|x86
	EndGlobalSection
	GlobalSection(ProjectConfigurationPlatforms) = postSolution
		{33ADB659-4B46-4063-B361-E0786D4F48D1}.Debug|x64.ActiveCfg = Debug|x64
		{33ADB659-4B46-4063-B361-E0786D4F48D1}.Debug|x64.Build.0 = Debug|x64
		{33ADB659-4B46-4063-B361-E0786D4F48D1}.Debug|x86.ActiveCfg = Debug|Win32
		{33ADB659-4B46-4063-B361-E0786D4F48D1}.Debug|x86.Build.0 = Debug|Win32
		{33ADB659-4B46-4063-B361-E0786D4F48D1}.Release|x64.ActiveCfg = Release|x64
		{33ADB659-4B46-4063-B361-E0786D4F48D1}.Release|x64.Build.0 = Release|x64
		{33ADB659-4B46-4063-B361-E0786D4F48D1}.Release|x86.ActiveCfg = Release|Win32
		{33ADB659-4B46-4063-B361-E0786D4F48D1}.Release|x86.Build.0 = Release|Win32
	EndGlobalSection
	GlobalSection(SolutionProperties) = preSolution
		HideSolutionNode = FALSE
	EndGlobalSection
	GlobalSection(ExtensibilityGlobals) = postSolution
		SolutionGuid = {14426439-94F3-4332-8FF9-ECBA4737497E}
	EndGlobalSection
EndGlobal
